
Microsoft Visual Studio Solution File, Format Version 12.00
# Visual Studio 15
VisualStudioVersion = 15.0.28307.1267
MinimumVisualStudioVersion = 10.0.40219.1
Project("{9A19103F-16F7-4668-BE54-9A1E7A4F7556}") = "NocdeskAPIgetway", "NocdeskAPIgetway\NocdeskAPIgetway.csproj", "{EB18C970-39B3-4990-BE59-99A89FFFDB09}"
EndProject
Project("{9A19103F-16F7-4668-BE54-9A1E7A4F7556}") = "NocdeskFirstLevalApi", "NocdeskFirstLevalApi\NocdeskFirstLevalApi.csproj", "{87FAC22D-1675-4CD5-89B3-CF09E8C4AFE2}"
EndProject
Project("{9A19103F-16F7-4668-BE54-9A1E7A4F7556}") = "NocdeskTicketAPIgetway", "NocdeskTicketAPIgetway\NocdeskTicketAPIgetway.csproj", "{249B7EA2-19E5-4025-B22D-85CCFA109DD0}"
EndProject
Global
	GlobalSection(SolutionConfigurationPlatforms) = preSolution
		Debug|Any CPU = Debug|Any CPU
		Release|Any CPU = Release|Any CPU
	EndGlobalSection
	GlobalSection(ProjectConfigurationPlatforms) = postSolution
		{EB18C970-39B3-4990-BE59-99A89FFFDB09}.Debug|Any CPU.ActiveCfg = Debug|Any CPU
		{EB18C970-39B3-4990-BE59-99A89FFFDB09}.Debug|Any CPU.Build.0 = Debug|Any CPU
		{EB18C970-39B3-4990-BE59-99A89FFFDB09}.Release|Any CPU.ActiveCfg = Debug|Any CPU
		{EB18C970-39B3-4990-BE59-99A89FFFDB09}.Release|Any CPU.Build.0 = Debug|Any CPU
		{87FAC22D-1675-4CD5-89B3-CF09E8C4AFE2}.Debug|Any CPU.ActiveCfg = Debug|Any CPU
		{87FAC22D-1675-4CD5-89B3-CF09E8C4AFE2}.Debug|Any CPU.Build.0 = Debug|Any CPU
		{87FAC22D-1675-4CD5-89B3-CF09E8C4AFE2}.Release|Any CPU.ActiveCfg = Debug|Any CPU
		{87FAC22D-1675-4CD5-89B3-CF09E8C4AFE2}.Release|Any CPU.Build.0 = Debug|Any CPU
		{249B7EA2-19E5-4025-B22D-85CCFA109DD0}.Debug|Any CPU.ActiveCfg = Debug|Any CPU
		{249B7EA2-19E5-4025-B22D-85CCFA109DD0}.Debug|Any CPU.Build.0 = Debug|Any CPU
		{249B7EA2-19E5-4025-B22D-85CCFA109DD0}.Release|Any CPU.ActiveCfg = Debug|Any CPU
		{249B7EA2-19E5-4025-B22D-85CCFA109DD0}.Release|Any CPU.Build.0 = Debug|Any CPU
	EndGlobalSection
	GlobalSection(SolutionProperties) = preSolution
		HideSolutionNode = FALSE
	EndGlobalSection
	GlobalSection(ExtensibilityGlobals) = postSolution
		SolutionGuid = {56593AE9-4CE4-4AAE-A623-25445F72B6FB}
	EndGlobalSection
EndGlobal
